
Microsoft Visual Studio Solution File, Format Version 12.00
# Visual Studio Version 17
VisualStudioVersion = 17.3.32929.385
MinimumVisualStudioVersion = 10.0.40219.1
Project("{FAE04EC0-301F-11D3-BF4B-00C04F79EFBC}") = "ex1.1", "ex1.1\ex1.1.csproj", "{B2784E84-7141-4394-8462-3E5E1CAC774A}"
EndProject
Global
	GlobalSection(SolutionConfigurationPlatforms) = preSolution
		Debug|Any CPU = Debug|Any CPU
		Release|Any CPU = Release|Any CPU
	EndGlobalSection
	GlobalSection(ProjectConfigurationPlatforms) = postSolution
		{B2784E84-7141-4394-8462-3E5E1CAC774A}.Debug|Any CPU.ActiveCfg = Debug|Any CPU
		{B2784E84-7141-4394-8462-3E5E1CAC774A}.Debug|Any CPU.Build.0 = Debug|Any CPU
		{B2784E84-7141-4394-8462-3E5E1CAC774A}.Release|Any CPU.ActiveCfg = Release|Any CPU
		{B2784E84-7141-4394-8462-3E5E1CAC774A}.Release|Any CPU.Build.0 = Release|Any CPU
	EndGlobalSection
	GlobalSection(SolutionProperties) = preSolution
		HideSolutionNode = FALSE
	EndGlobalSection
	GlobalSection(ExtensibilityGlobals) = postSolution
		SolutionGuid = {A974E63E-DD27-4407-9FA0-DD3F187B00DF}
	EndGlobalSection
EndGlobal
