
Microsoft Visual Studio Solution File, Format Version 12.00
# Visual Studio Version 17
VisualStudioVersion = 17.3.32929.385
MinimumVisualStudioVersion = 10.0.40219.1
Project("{FAE04EC0-301F-11D3-BF4B-00C04F79EFBC}") = "ex3", "ex3\ex3.csproj", "{EDBA09E3-85A6-482C-9003-A01174F7DE7F}"
EndProject
Global
	GlobalSection(SolutionConfigurationPlatforms) = preSolution
		Debug|Any CPU = Debug|Any CPU
		Release|Any CPU = Release|Any CPU
	EndGlobalSection
	GlobalSection(ProjectConfigurationPlatforms) = postSolution
		{EDBA09E3-85A6-482C-9003-A01174F7DE7F}.Debug|Any CPU.ActiveCfg = Debug|Any CPU
		{EDBA09E3-85A6-482C-9003-A01174F7DE7F}.Debug|Any CPU.Build.0 = Debug|Any CPU
		{EDBA09E3-85A6-482C-9003-A01174F7DE7F}.Release|Any CPU.ActiveCfg = Release|Any CPU
		{EDBA09E3-85A6-482C-9003-A01174F7DE7F}.Release|Any CPU.Build.0 = Release|Any CPU
	EndGlobalSection
	GlobalSection(SolutionProperties) = preSolution
		HideSolutionNode = FALSE
	EndGlobalSection
	GlobalSection(ExtensibilityGlobals) = postSolution
		SolutionGuid = {72ECDEC2-0248-4354-A0F2-24F5926EFE62}
	EndGlobalSection
EndGlobal
